// !$*UTF8*$!
{
	archiveVersion = 1;
	classes = {
	};
	objectVersion = 46;
	objects = {

/* Begin PBXBuildFile section */
		2F3BC8381DCC2A5B00DFA60E /* AppDelegate.swift in Sources */ = {isa = PBXBuildFile; fileRef = 2F3BC8371DCC2A5B00DFA60E /* AppDelegate.swift */; };
		2F3BC83A1DCC2A5B00DFA60E /* ViewController.swift in Sources */ = {isa = PBXBuildFile; fileRef = 2F3BC8391DCC2A5B00DFA60E /* ViewController.swift */; };
		2F3BC83D1DCC2A5B00DFA60E /* Main.storyboard in Resources */ = {isa = PBXBuildFile; fileRef = 2F3BC83B1DCC2A5B00DFA60E /* Main.storyboard */; };
		2F3BC83F1DCC2A5B00DFA60E /* Assets.xcassets in Resources */ = {isa = PBXBuildFile; fileRef = 2F3BC83E1DCC2A5B00DFA60E /* Assets.xcassets */; };
		2F3BC8421DCC2A5B00DFA60E /* LaunchScreen.storyboard in Resources */ = {isa = PBXBuildFile; fileRef = 2F3BC8401DCC2A5B00DFA60E /* LaunchScreen.storyboard */; };
		2F3BC84D1DCC2A5B00DFA60E /* BingoDemoTests.swift in Sources */ = {isa = PBXBuildFile; fileRef = 2F3BC84C1DCC2A5B00DFA60E /* BingoDemoTests.swift */; };
		2F3BC8581DCC2A5B00DFA60E /* BingoDemoUITests.swift in Sources */ = {isa = PBXBuildFile; fileRef = 2F3BC8571DCC2A5B00DFA60E /* BingoDemoUITests.swift */; };
		2F3BC8661DCC2F1700DFA60E /* HistoryViewController.swift in Sources */ = {isa = PBXBuildFile; fileRef = 2F3BC8651DCC2F1700DFA60E /* HistoryViewController.swift */; };
		2F3BC8691DCC307800DFA60E /* HistoryTableViewCell.swift in Sources */ = {isa = PBXBuildFile; fileRef = 2F3BC8671DCC307800DFA60E /* HistoryTableViewCell.swift */; };
		2F3BC86A1DCC307800DFA60E /* HistoryTableViewCell.xib in Resources */ = {isa = PBXBuildFile; fileRef = 2F3BC8681DCC307800DFA60E /* HistoryTableViewCell.xib */; };
		6D793FFD28F175282FA9152B /* Pods_BingoDemo.framework in Frameworks */ = {isa = PBXBuildFile; fileRef = 4810BE626F4040F010FB752F /* Pods_BingoDemo.framework */; };
/* End PBXBuildFile section */

/* Begin PBXContainerItemProxy section */
		2F3BC8491DCC2A5B00DFA60E /* PBXContainerItemProxy */ = {
			isa = PBXContainerItemProxy;
			containerPortal = 2F3BC82C1DCC2A5B00DFA60E /* Project object */;
			proxyType = 1;
			remoteGlobalIDString = 2F3BC8331DCC2A5B00DFA60E;
			remoteInfo = BingoDemo;
		};
		2F3BC8541DCC2A5B00DFA60E /* PBXContainerItemProxy */ = {
			isa = PBXContainerItemProxy;
			containerPortal = 2F3BC82C1DCC2A5B00DFA60E /* Project object */;
			proxyType = 1;
			remoteGlobalIDString = 2F3BC8331DCC2A5B00DFA60E;
			remoteInfo = BingoDemo;
		};
/* End PBXContainerItemProxy section */

/* Begin PBXFileReference section */
		10373811D4716F2C2F16C862 /* Pods-BingoDemo.release.xcconfig */ = {isa = PBXFileReference; includeInIndex = 1; lastKnownFileType = text.xcconfig; name = "Pods-BingoDemo.release.xcconfig"; path = "Pods/Target Support Files/Pods-BingoDemo/Pods-BingoDemo.release.xcconfig"; sourceTree = "<group>"; };
		2F3BC8341DCC2A5B00DFA60E /* BingoDemo.app */ = {isa = PBXFileReference; explicitFileType = wrapper.application; includeInIndex = 0; path = BingoDemo.app; sourceTree = BUILT_PRODUCTS_DIR; };
		2F3BC8371DCC2A5B00DFA60E /* AppDelegate.swift */ = {isa = PBXFileReference; lastKnownFileType = sourcecode.swift; path = AppDelegate.swift; sourceTree = "<group>"; };
		2F3BC8391DCC2A5B00DFA60E /* ViewController.swift */ = {isa = PBXFileReference; lastKnownFileType = sourcecode.swift; path = ViewController.swift; sourceTree = "<group>"; };
		2F3BC83C1DCC2A5B00DFA60E /* Base */ = {isa = PBXFileReference; lastKnownFileType = file.storyboard; name = Base; path = Base.lproj/Main.storyboard; sourceTree = "<group>"; };
		2F3BC83E1DCC2A5B00DFA60E /* Assets.xcassets */ = {isa = PBXFileReference; lastKnownFileType = folder.assetcatalog; path = Assets.xcassets; sourceTree = "<group>"; };
		2F3BC8411DCC2A5B00DFA60E /* Base */ = {isa = PBXFileReference; lastKnownFileType = file.storyboard; name = Base; path = Base.lproj/LaunchScreen.storyboard; sourceTree = "<group>"; };
		2F3BC8431DCC2A5B00DFA60E /* Info.plist */ = {isa = PBXFileReference; lastKnownFileType = text.plist.xml; path = Info.plist; sourceTree = "<group>"; };
		2F3BC8481DCC2A5B00DFA60E /* BingoDemoTests.xctest */ = {isa = PBXFileReference; explicitFileType = wrapper.cfbundle; includeInIndex = 0; path = BingoDemoTests.xctest; sourceTree = BUILT_PRODUCTS_DIR; };
		2F3BC84C1DCC2A5B00DFA60E /* BingoDemoTests.swift */ = {isa = PBXFileReference; lastKnownFileType = sourcecode.swift; path = BingoDemoTests.swift; sourceTree = "<group>"; };
		2F3BC84E1DCC2A5B00DFA60E /* Info.plist */ = {isa = PBXFileReference; lastKnownFileType = text.plist.xml; path = Info.plist; sourceTree = "<group>"; };
		2F3BC8531DCC2A5B00DFA60E /* BingoDemoUITests.xctest */ = {isa = PBXFileReference; explicitFileType = wrapper.cfbundle; includeInIndex = 0; path = BingoDemoUITests.xctest; sourceTree = BUILT_PRODUCTS_DIR; };
		2F3BC8571DCC2A5B00DFA60E /* BingoDemoUITests.swift */ = {isa = PBXFileReference; lastKnownFileType = sourcecode.swift; path = BingoDemoUITests.swift; sourceTree = "<group>"; };
		2F3BC8591DCC2A5B00DFA60E /* Info.plist */ = {isa = PBXFileReference; lastKnownFileType = text.plist.xml; path = Info.plist; sourceTree = "<group>"; };
		2F3BC8651DCC2F1700DFA60E /* HistoryViewController.swift */ = {isa = PBXFileReference; fileEncoding = 4; lastKnownFileType = sourcecode.swift; path = HistoryViewController.swift; sourceTree = "<group>"; };
		2F3BC8671DCC307800DFA60E /* HistoryTableViewCell.swift */ = {isa = PBXFileReference; fileEncoding = 4; lastKnownFileType = sourcecode.swift; path = HistoryTableViewCell.swift; sourceTree = "<group>"; };
		2F3BC8681DCC307800DFA60E /* HistoryTableViewCell.xib */ = {isa = PBXFileReference; fileEncoding = 4; lastKnownFileType = file.xib; path = HistoryTableViewCell.xib; sourceTree = "<group>"; };
		4810BE626F4040F010FB752F /* Pods_BingoDemo.framework */ = {isa = PBXFileReference; explicitFileType = wrapper.framework; includeInIndex = 0; path = Pods_BingoDemo.framework; sourceTree = BUILT_PRODUCTS_DIR; };
		A85B4CF01EBCADE43FA17618 /* Pods-BingoDemo.debug.xcconfig */ = {isa = PBXFileReference; includeInIndex = 1; lastKnownFileType = text.xcconfig; name = "Pods-BingoDemo.debug.xcconfig"; path = "Pods/Target Support Files/Pods-BingoDemo/Pods-BingoDemo.debug.xcconfig"; sourceTree = "<group>"; };
/* End PBXFileReference section */

/* Begin PBXFrameworksBuildPhase section */
		2F3BC8311DCC2A5B00DFA60E /* Frameworks */ = {
			isa = PBXFrameworksBuildPhase;
			buildActionMask = 2147483647;
			files = (
				6D793FFD28F175282FA9152B /* Pods_BingoDemo.framework in Frameworks */,
			);
			runOnlyForDeploymentPostprocessing = 0;
		};
		2F3BC8451DCC2A5B00DFA60E /* Frameworks */ = {
			isa = PBXFrameworksBuildPhase;
			buildActionMask = 2147483647;
			files = (
			);
			runOnlyForDeploymentPostprocessing = 0;
		};
		2F3BC8501DCC2A5B00DFA60E /* Frameworks */ = {
			isa = PBXFrameworksBuildPhase;
			buildActionMask = 2147483647;
			files = (
			);
			runOnlyForDeploymentPostprocessing = 0;
		};
/* End PBXFrameworksBuildPhase section */

/* Begin PBXGroup section */
		008E97F0F42BE21B3802EB84 /* Frameworks */ = {
			isa = PBXGroup;
			children = (
				4810BE626F4040F010FB752F /* Pods_BingoDemo.framework */,
			);
			name = Frameworks;
			sourceTree = "<group>";
		};
		0CD15F3EEB7294ADDA7B700B /* Pods */ = {
			isa = PBXGroup;
			children = (
				A85B4CF01EBCADE43FA17618 /* Pods-BingoDemo.debug.xcconfig */,
				10373811D4716F2C2F16C862 /* Pods-BingoDemo.release.xcconfig */,
			);
			name = Pods;
			sourceTree = "<group>";
		};
		2F3BC82B1DCC2A5B00DFA60E = {
			isa = PBXGroup;
			children = (
				2F3BC8361DCC2A5B00DFA60E /* BingoDemo */,
				2F3BC84B1DCC2A5B00DFA60E /* BingoDemoTests */,
				2F3BC8561DCC2A5B00DFA60E /* BingoDemoUITests */,
				2F3BC8351DCC2A5B00DFA60E /* Products */,
				0CD15F3EEB7294ADDA7B700B /* Pods */,
				008E97F0F42BE21B3802EB84 /* Frameworks */,
			);
			sourceTree = "<group>";
		};
		2F3BC8351DCC2A5B00DFA60E /* Products */ = {
			isa = PBXGroup;
			children = (
				2F3BC8341DCC2A5B00DFA60E /* BingoDemo.app */,
				2F3BC8481DCC2A5B00DFA60E /* BingoDemoTests.xctest */,
				2F3BC8531DCC2A5B00DFA60E /* BingoDemoUITests.xctest */,
			);
			name = Products;
			sourceTree = "<group>";
		};
		2F3BC8361DCC2A5B00DFA60E /* BingoDemo */ = {
			isa = PBXGroup;
			children = (
				2F3BC8371DCC2A5B00DFA60E /* AppDelegate.swift */,
				2F3BC8391DCC2A5B00DFA60E /* ViewController.swift */,
				2F3BC8651DCC2F1700DFA60E /* HistoryViewController.swift */,
				2F3BC8671DCC307800DFA60E /* HistoryTableViewCell.swift */,
				2F3BC8681DCC307800DFA60E /* HistoryTableViewCell.xib */,
				2F3BC83B1DCC2A5B00DFA60E /* Main.storyboard */,
				2F3BC83E1DCC2A5B00DFA60E /* Assets.xcassets */,
				2F3BC8401DCC2A5B00DFA60E /* LaunchScreen.storyboard */,
				2F3BC8431DCC2A5B00DFA60E /* Info.plist */,
			);
			path = BingoDemo;
			sourceTree = "<group>";
		};
		2F3BC84B1DCC2A5B00DFA60E /* BingoDemoTests */ = {
			isa = PBXGroup;
			children = (
				2F3BC84C1DCC2A5B00DFA60E /* BingoDemoTests.swift */,
				2F3BC84E1DCC2A5B00DFA60E /* Info.plist */,
			);
			path = BingoDemoTests;
			sourceTree = "<group>";
		};
		2F3BC8561DCC2A5B00DFA60E /* BingoDemoUITests */ = {
			isa = PBXGroup;
			children = (
				2F3BC8571DCC2A5B00DFA60E /* BingoDemoUITests.swift */,
				2F3BC8591DCC2A5B00DFA60E /* Info.plist */,
			);
			path = BingoDemoUITests;
			sourceTree = "<group>";
		};
/* End PBXGroup section */

/* Begin PBXNativeTarget section */
		2F3BC8331DCC2A5B00DFA60E /* BingoDemo */ = {
			isa = PBXNativeTarget;
			buildConfigurationList = 2F3BC85C1DCC2A5B00DFA60E /* Build configuration list for PBXNativeTarget "BingoDemo" */;
			buildPhases = (
				36EF546123B7EC0BEDC774ED /* [CP] Check Pods Manifest.lock */,
				2F3BC8301DCC2A5B00DFA60E /* Sources */,
				2F3BC8311DCC2A5B00DFA60E /* Frameworks */,
				2F3BC8321DCC2A5B00DFA60E /* Resources */,
				023CEE116C22DB9939042EBF /* [CP] Embed Pods Frameworks */,
				102785271AF3C438EE68C2BD /* [CP] Copy Pods Resources */,
			);
			buildRules = (
			);
			dependencies = (
			);
			name = BingoDemo;
			productName = BingoDemo;
			productReference = 2F3BC8341DCC2A5B00DFA60E /* BingoDemo.app */;
			productType = "com.apple.product-type.application";
		};
		2F3BC8471DCC2A5B00DFA60E /* BingoDemoTests */ = {
			isa = PBXNativeTarget;
			buildConfigurationList = 2F3BC85F1DCC2A5B00DFA60E /* Build configuration list for PBXNativeTarget "BingoDemoTests" */;
			buildPhases = (
				2F3BC8441DCC2A5B00DFA60E /* Sources */,
				2F3BC8451DCC2A5B00DFA60E /* Frameworks */,
				2F3BC8461DCC2A5B00DFA60E /* Resources */,
			);
			buildRules = (
			);
			dependencies = (
				2F3BC84A1DCC2A5B00DFA60E /* PBXTargetDependency */,
			);
			name = BingoDemoTests;
			productName = BingoDemoTests;
			productReference = 2F3BC8481DCC2A5B00DFA60E /* BingoDemoTests.xctest */;
			productType = "com.apple.product-type.bundle.unit-test";
		};
		2F3BC8521DCC2A5B00DFA60E /* BingoDemoUITests */ = {
			isa = PBXNativeTarget;
			buildConfigurationList = 2F3BC8621DCC2A5B00DFA60E /* Build configuration list for PBXNativeTarget "BingoDemoUITests" */;
			buildPhases = (
				2F3BC84F1DCC2A5B00DFA60E /* Sources */,
				2F3BC8501DCC2A5B00DFA60E /* Frameworks */,
				2F3BC8511DCC2A5B00DFA60E /* Resources */,
			);
			buildRules = (
			);
			dependencies = (
				2F3BC8551DCC2A5B00DFA60E /* PBXTargetDependency */,
			);
			name = BingoDemoUITests;
			productName = BingoDemoUITests;
			productReference = 2F3BC8531DCC2A5B00DFA60E /* BingoDemoUITests.xctest */;
			productType = "com.apple.product-type.bundle.ui-testing";
		};
/* End PBXNativeTarget section */

/* Begin PBXProject section */
		2F3BC82C1DCC2A5B00DFA60E /* Project object */ = {
			isa = PBXProject;
			attributes = {
				LastSwiftUpdateCheck = 0810;
				LastUpgradeCheck = 0810;
				ORGANIZATIONNAME = yang;
				TargetAttributes = {
					2F3BC8331DCC2A5B00DFA60E = {
						CreatedOnToolsVersion = 8.1;
						DevelopmentTeam = CSCTFK776L;
						ProvisioningStyle = Automatic;
					};
					2F3BC8471DCC2A5B00DFA60E = {
						CreatedOnToolsVersion = 8.1;
						ProvisioningStyle = Automatic;
						TestTargetID = 2F3BC8331DCC2A5B00DFA60E;
					};
					2F3BC8521DCC2A5B00DFA60E = {
						CreatedOnToolsVersion = 8.1;
						ProvisioningStyle = Automatic;
						TestTargetID = 2F3BC8331DCC2A5B00DFA60E;
					};
				};
			};
			buildConfigurationList = 2F3BC82F1DCC2A5B00DFA60E /* Build configuration list for PBXProject "BingoDemo" */;
			compatibilityVersion = "Xcode 3.2";
			developmentRegion = English;
			hasScannedForEncodings = 0;
			knownRegions = (
				en,
				Base,
			);
			mainGroup = 2F3BC82B1DCC2A5B00DFA60E;
			productRefGroup = 2F3BC8351DCC2A5B00DFA60E /* Products */;
			projectDirPath = "";
			projectRoot = "";
			targets = (
				2F3BC8331DCC2A5B00DFA60E /* BingoDemo */,
				2F3BC8471DCC2A5B00DFA60E /* BingoDemoTests */,
				2F3BC8521DCC2A5B00DFA60E /* BingoDemoUITests */,
			);
		};
/* End PBXProject section */

/* Begin PBXResourcesBuildPhase section */
		2F3BC8321DCC2A5B00DFA60E /* Resources */ = {
			isa = PBXResourcesBuildPhase;
			buildActionMask = 2147483647;
			files = (
				2F3BC8421DCC2A5B00DFA60E /* LaunchScreen.storyboard in Resources */,
				2F3BC83F1DCC2A5B00DFA60E /* Assets.xcassets in Resources */,
				2F3BC86A1DCC307800DFA60E /* HistoryTableViewCell.xib in Resources */,
				2F3BC83D1DCC2A5B00DFA60E /* Main.storyboard in Resources */,
			);
			runOnlyForDeploymentPostprocessing = 0;
		};
		2F3BC8461DCC2A5B00DFA60E /* Resources */ = {
			isa = PBXResourcesBuildPhase;
			buildActionMask = 2147483647;
			files = (
			);
			runOnlyForDeploymentPostprocessing = 0;
		};
		2F3BC8511DCC2A5B00DFA60E /* Resources */ = {
			isa = PBXResourcesBuildPhase;
			buildActionMask = 2147483647;
			files = (
			);
			runOnlyForDeploymentPostprocessing = 0;
		};
/* End PBXResourcesBuildPhase section */

/* Begin PBXShellScriptBuildPhase section */
		023CEE116C22DB9939042EBF /* [CP] Embed Pods Frameworks */ = {
			isa = PBXShellScriptBuildPhase;
			buildActionMask = 2147483647;
			files = (
			);
			inputPaths = (
			);
			name = "[CP] Embed Pods Frameworks";
			outputPaths = (
			);
			runOnlyForDeploymentPostprocessing = 0;
			shellPath = /bin/sh;
			shellScript = "\"${SRCROOT}/Pods/Target Support Files/Pods-BingoDemo/Pods-BingoDemo-frameworks.sh\"\n";
			showEnvVarsInLog = 0;
		};
		102785271AF3C438EE68C2BD /* [CP] Copy Pods Resources */ = {
			isa = PBXShellScriptBuildPhase;
			buildActionMask = 2147483647;
			files = (
			);
			inputPaths = (
			);
			name = "[CP] Copy Pods Resources";
			outputPaths = (
			);
			runOnlyForDeploymentPostprocessing = 0;
			shellPath = /bin/sh;
			shellScript = "\"${SRCROOT}/Pods/Target Support Files/Pods-BingoDemo/Pods-BingoDemo-resources.sh\"\n";
			showEnvVarsInLog = 0;
		};
		36EF546123B7EC0BEDC774ED /* [CP] Check Pods Manifest.lock */ = {
			isa = PBXShellScriptBuildPhase;
			buildActionMask = 2147483647;
			files = (
			);
			inputPaths = (
			);
			name = "[CP] Check Pods Manifest.lock";
			outputPaths = (
			);
			runOnlyForDeploymentPostprocessing = 0;
			shellPath = /bin/sh;
			shellScript = "diff \"${PODS_ROOT}/../Podfile.lock\" \"${PODS_ROOT}/Manifest.lock\" > /dev/null\nif [ $? != 0 ] ; then\n    # print error to STDERR\n    echo \"error: The sandbox is not in sync with the Podfile.lock. Run 'pod install' or update your CocoaPods installation.\" >&2\n    exit 1\nfi\n";
			showEnvVarsInLog = 0;
		};
/* End PBXShellScriptBuildPhase section */

/* Begin PBXSourcesBuildPhase section */
		2F3BC8301DCC2A5B00DFA60E /* Sources */ = {
			isa = PBXSourcesBuildPhase;
			buildActionMask = 2147483647;
			files = (
				2F3BC8661DCC2F1700DFA60E /* HistoryViewController.swift in Sources */,
				2F3BC83A1DCC2A5B00DFA60E /* ViewController.swift in Sources */,
				2F3BC8691DCC307800DFA60E /* HistoryTableViewCell.swift in Sources */,
				2F3BC8381DCC2A5B00DFA60E /* AppDelegate.swift in Sources */,
			);
			runOnlyForDeploymentPostprocessing = 0;
		};
		2F3BC8441DCC2A5B00DFA60E /* Sources */ = {
			isa = PBXSourcesBuildPhase;
			buildActionMask = 2147483647;
			files = (
				2F3BC84D1DCC2A5B00DFA60E /* BingoDemoTests.swift in Sources */,
			);
			runOnlyForDeploymentPostprocessing = 0;
		};
		2F3BC84F1DCC2A5B00DFA60E /* Sources */ = {
			isa = PBXSourcesBuildPhase;
			buildActionMask = 2147483647;
			files = (
				2F3BC8581DCC2A5B00DFA60E /* BingoDemoUITests.swift in Sources */,
			);
			runOnlyForDeploymentPostprocessing = 0;
		};
/* End PBXSourcesBuildPhase section */

/* Begin PBXTargetDependency section */
		2F3BC84A1DCC2A5B00DFA60E /* PBXTargetDependency */ = {
			isa = PBXTargetDependency;
			target = 2F3BC8331DCC2A5B00DFA60E /* BingoDemo */;
			targetProxy = 2F3BC8491DCC2A5B00DFA60E /* PBXContainerItemProxy */;
		};
		2F3BC8551DCC2A5B00DFA60E /* PBXTargetDependency */ = {
			isa = PBXTargetDependency;
			target = 2F3BC8331DCC2A5B00DFA60E /* BingoDemo */;
			targetProxy = 2F3BC8541DCC2A5B00DFA60E /* PBXContainerItemProxy */;
		};
/* End PBXTargetDependency section */

/* Begin PBXVariantGroup section */
		2F3BC83B1DCC2A5B00DFA60E /* Main.storyboard */ = {
			isa = PBXVariantGroup;
			children = (
				2F3BC83C1DCC2A5B00DFA60E /* Base */,
			);
			name = Main.storyboard;
			sourceTree = "<group>";
		};
		2F3BC8401DCC2A5B00DFA60E /* LaunchScreen.storyboard */ = {
			isa = PBXVariantGroup;
			children = (
				2F3BC8411DCC2A5B00DFA60E /* Base */,
			);
			name = LaunchScreen.storyboard;
			sourceTree = "<group>";
		};
/* End PBXVariantGroup section */

/* Begin XCBuildConfiguration section */
		2F3BC85A1DCC2A5B00DFA60E /* Debug */ = {
			isa = XCBuildConfiguration;
			buildSettings = {
				ALWAYS_SEARCH_USER_PATHS = NO;
				CLANG_ANALYZER_NONNULL = YES;
				CLANG_CXX_LANGUAGE_STANDARD = "gnu++0x";
				CLANG_CXX_LIBRARY = "libc++";
				CLANG_ENABLE_MODULES = YES;
				CLANG_ENABLE_OBJC_ARC = YES;
				CLANG_WARN_BOOL_CONVERSION = YES;
				CLANG_WARN_CONSTANT_CONVERSION = YES;
				CLANG_WARN_DIRECT_OBJC_ISA_USAGE = YES_ERROR;
				CLANG_WARN_DOCUMENTATION_COMMENTS = YES;
				CLANG_WARN_EMPTY_BODY = YES;
				CLANG_WARN_ENUM_CONVERSION = YES;
				CLANG_WARN_INFINITE_RECURSION = YES;
				CLANG_WARN_INT_CONVERSION = YES;
				CLANG_WARN_OBJC_ROOT_CLASS = YES_ERROR;
				CLANG_WARN_SUSPICIOUS_MOVE = YES;
				CLANG_WARN_SUSPICIOUS_MOVES = YES;
				CLANG_WARN_UNREACHABLE_CODE = YES;
				CLANG_WARN__DUPLICATE_METHOD_MATCH = YES;
				"CODE_SIGN_IDENTITY[sdk=iphoneos*]" = "iPhone Developer";
				COPY_PHASE_STRIP = NO;
				DEBUG_INFORMATION_FORMAT = dwarf;
				ENABLE_STRICT_OBJC_MSGSEND = YES;
				ENABLE_TESTABILITY = YES;
				GCC_C_LANGUAGE_STANDARD = gnu99;
				GCC_DYNAMIC_NO_PIC = NO;
				GCC_NO_COMMON_BLOCKS = YES;
				GCC_OPTIMIZATION_LEVEL = 0;
				GCC_PREPROCESSOR_DEFINITIONS = (
					"DEBUG=1",
					"$(inherited)",
				);
				GCC_WARN_64_TO_32_BIT_CONVERSION = YES;
				GCC_WARN_ABOUT_RETURN_TYPE = YES_ERROR;
				GCC_WARN_UNDECLARED_SELECTOR = YES;
				GCC_WARN_UNINITIALIZED_AUTOS = YES_AGGRESSIVE;
				GCC_WARN_UNUSED_FUNCTION = YES;
				GCC_WARN_UNUSED_VARIABLE = YES;
				IPHONEOS_DEPLOYMENT_TARGET = 10.1;
				MTL_ENABLE_DEBUG_INFO = YES;
				ONLY_ACTIVE_ARCH = YES;
				SDKROOT = iphoneos;
				SWIFT_ACTIVE_COMPILATION_CONDITIONS = DEBUG;
				SWIFT_OPTIMIZATION_LEVEL = "-Onone";
				TARGETED_DEVICE_FAMILY = "1,2";
			};
			name = Debug;
		};
		2F3BC85B1DCC2A5B00DFA60E /* Release */ = {
			isa = XCBuildConfiguration;
			buildSettings = {
				ALWAYS_SEARCH_USER_PATHS = NO;
				CLANG_ANALYZER_NONNULL = YES;
				CLANG_CXX_LANGUAGE_STANDARD = "gnu++0x";
				CLANG_CXX_LIBRARY = "libc++";
				CLANG_ENABLE_MODULES = YES;
				CLANG_ENABLE_OBJC_ARC = YES;
				CLANG_WARN_BOOL_CONVERSION = YES;
				CLANG_WARN_CONSTANT_CONVERSION = YES;
				CLANG_WARN_DIRECT_OBJC_ISA_USAGE = YES_ERROR;
				CLANG_WARN_DOCUMENTATION_COMMENTS = YES;
				CLANG_WARN_EMPTY_BODY = YES;
				CLANG_WARN_ENUM_CONVERSION = YES;
				CLANG_WARN_INFINITE_RECURSION = YES;
				CLANG_WARN_INT_CONVERSION = YES;
				CLANG_WARN_OBJC_ROOT_CLASS = YES_ERROR;
				CLANG_WARN_SUSPICIOUS_MOVE = YES;
				CLANG_WARN_SUSPICIOUS_MOVES = YES;
				CLANG_WARN_UNREACHABLE_CODE = YES;
				CLANG_WARN__DUPLICATE_METHOD_MATCH = YES;
				"CODE_SIGN_IDENTITY[sdk=iphoneos*]" = "iPhone Developer";
				COPY_PHASE_STRIP = NO;
				DEBUG_INFORMATION_FORMAT = "dwarf-with-dsym";
				ENABLE_NS_ASSERTIONS = NO;
				ENABLE_STRICT_OBJC_MSGSEND = YES;
				GCC_C_LANGUAGE_STANDARD = gnu99;
				GCC_NO_COMMON_BLOCKS = YES;
				GCC_WARN_64_TO_32_BIT_CONVERSION = YES;
				GCC_WARN_ABOUT_RETURN_TYPE = YES_ERROR;
				GCC_WARN_UNDECLARED_SELECTOR = YES;
				GCC_WARN_UNINITIALIZED_AUTOS = YES_AGGRESSIVE;
				GCC_WARN_UNUSED_FUNCTION = YES;
				GCC_WARN_UNUSED_VARIABLE = YES;
				IPHONEOS_DEPLOYMENT_TARGET = 10.1;
				MTL_ENABLE_DEBUG_INFO = NO;
				SDKROOT = iphoneos;
				SWIFT_OPTIMIZATION_LEVEL = "-Owholemodule";
				TARGETED_DEVICE_FAMILY = "1,2";
				VALIDATE_PRODUCT = YES;
			};
			name = Release;
		};
		2F3BC85D1DCC2A5B00DFA60E /* Debug */ = {
			isa = XCBuildConfiguration;
			baseConfigurationReference = A85B4CF01EBCADE43FA17618 /* Pods-BingoDemo.debug.xcconfig */;
			buildSettings = {
				ALWAYS_EMBED_SWIFT_STANDARD_LIBRARIES = YES;
				ASSETCATALOG_COMPILER_APPICON_NAME = AppIcon;
				DEVELOPMENT_TEAM = CSCTFK776L;
				INFOPLIST_FILE = BingoDemo/Info.plist;
				IPHONEOS_DEPLOYMENT_TARGET = 9.0;
				LD_RUNPATH_SEARCH_PATHS = "$(inherited) @executable_path/Frameworks";
				PRODUCT_BUNDLE_IDENTIFIER = com.yr.BingoDemo;
				PRODUCT_NAME = "$(TARGET_NAME)";
				SWIFT_VERSION = 3.0;
				TARGETED_DEVICE_FAMILY = "1,2";
			};
			name = Debug;
		};
		2F3BC85E1DCC2A5B00DFA60E /* Release */ = {
			isa = XCBuildConfiguration;
			baseConfigurationReference = 10373811D4716F2C2F16C862 /* Pods-BingoDemo.release.xcconfig */;
			buildSettings = {
				ALWAYS_EMBED_SWIFT_STANDARD_LIBRARIES = YES;
				ASSETCATALOG_COMPILER_APPICON_NAME = AppIcon;
				DEVELOPMENT_TEAM = CSCTFK776L;
				INFOPLIST_FILE = BingoDemo/Info.plist;
				IPHONEOS_DEPLOYMENT_TARGET = 9.0;
				LD_RUNPATH_SEARCH_PATHS = "$(inherited) @executable_path/Frameworks";
				PRODUCT_BUNDLE_IDENTIFIER = com.yr.BingoDemo;
				PRODUCT_NAME = "$(TARGET_NAME)";
				SWIFT_VERSION = 3.0;
				TARGETED_DEVICE_FAMILY = "1,2";
			};
			name = Release;
		};
		2F3BC8601DCC2A5B00DFA60E /* Debug */ = {
			isa = XCBuildConfiguration;
			buildSettings = {
				ALWAYS_EMBED_SWIFT_STANDARD_LIBRARIES = YES;
				BUNDLE_LOADER = "$(TEST_HOST)";
				INFOPLIST_FILE = BingoDemoTests/Info.plist;
				LD_RUNPATH_SEARCH_PATHS = "$(inherited) @executable_path/Frameworks @loader_path/Frameworks";
				PRODUCT_BUNDLE_IDENTIFIER = com.yr.BingoDemoTests;
				PRODUCT_NAME = "$(TARGET_NAME)";
				SWIFT_VERSION = 3.0;
				TEST_HOST = "$(BUILT_PRODUCTS_DIR)/BingoDemo.app/BingoDemo";
			};
			name = Debug;
		};
		2F3BC8611DCC2A5B00DFA60E /* Release */ = {
			isa = XCBuildConfiguration;
			buildSettings = {
				ALWAYS_EMBED_SWIFT_STANDARD_LIBRARIES = YES;
				BUNDLE_LOADER = "$(TEST_HOST)";
				INFOPLIST_FILE = BingoDemoTests/Info.plist;
				LD_RUNPATH_SEARCH_PATHS = "$(inherited) @executable_path/Frameworks @loader_path/Frameworks";
				PRODUCT_BUNDLE_IDENTIFIER = com.yr.BingoDemoTests;
				PRODUCT_NAME = "$(TARGET_NAME)";
				SWIFT_VERSION = 3.0;
				TEST_HOST = "$(BUILT_PRODUCTS_DIR)/BingoDemo.app/BingoDemo";
			};
			name = Release;
		};
		2F3BC8631DCC2A5B00DFA60E /* Debug */ = {
			isa = XCBuildConfiguration;
			buildSettings = {
				ALWAYS_EMBED_SWIFT_STANDARD_LIBRARIES = YES;
				INFOPLIST_FILE = BingoDemoUITests/Info.plist;
				LD_RUNPATH_SEARCH_PATHS = "$(inherited) @executable_path/Frameworks @loader_path/Frameworks";
				PRODUCT_BUNDLE_IDENTIFIER = com.yr.BingoDemoUITests;
				PRODUCT_NAME = "$(TARGET_NAME)";
				SWIFT_VERSION = 3.0;
				TEST_TARGET_NAME = BingoDemo;
			};
			name = Debug;
		};
		2F3BC8641DCC2A5B00DFA60E /* Release */ = {
			isa = XCBuildConfiguration;
			buildSettings = {
				ALWAYS_EMBED_SWIFT_STANDARD_LIBRARIES = YES;
				INFOPLIST_FILE = BingoDemoUITests/Info.plist;
				LD_RUNPATH_SEARCH_PATHS = "$(inherited) @executable_path/Frameworks @loader_path/Frameworks";
				PRODUCT_BUNDLE_IDENTIFIER = com.yr.BingoDemoUITests;
				PRODUCT_NAME = "$(TARGET_NAME)";
				SWIFT_VERSION = 3.0;
				TEST_TARGET_NAME = BingoDemo;
			};
			name = Release;
		};
/* End XCBuildConfiguration section */

/* Begin XCConfigurationList section */
		2F3BC82F1DCC2A5B00DFA60E /* Build configuration list for PBXProject "BingoDemo" */ = {
			isa = XCConfigurationList;
			buildConfigurations = (
				2F3BC85A1DCC2A5B00DFA60E /* Debug */,
				2F3BC85B1DCC2A5B00DFA60E /* Release */,
			);
			defaultConfigurationIsVisible = 0;
			defaultConfigurationName = Release;
		};
		2F3BC85C1DCC2A5B00DFA60E /* Build configuration list for PBXNativeTarget "BingoDemo" */ = {
			isa = XCConfigurationList;
			buildConfigurations = (
				2F3BC85D1DCC2A5B00DFA60E /* Debug */,
				2F3BC85E1DCC2A5B00DFA60E /* Release */,
			);
			defaultConfigurationIsVisible = 0;
			defaultConfigurationName = Release;
		};
		2F3BC85F1DCC2A5B00DFA60E /* Build configuration list for PBXNativeTarget "BingoDemoTests" */ = {
			isa = XCConfigurationList;
			buildConfigurations = (
				2F3BC8601DCC2A5B00DFA60E /* Debug */,
				2F3BC8611DCC2A5B00DFA60E /* Release */,
			);
			defaultConfigurationIsVisible = 0;
			defaultConfigurationName = Release;
		};
		2F3BC8621DCC2A5B00DFA60E /* Build configuration list for PBXNativeTarget "BingoDemoUITests" */ = {
			isa = XCConfigurationList;
			buildConfigurations = (
				2F3BC8631DCC2A5B00DFA60E /* Debug */,
				2F3BC8641DCC2A5B00DFA60E /* Release */,
			);
			defaultConfigurationIsVisible = 0;
			defaultConfigurationName = Release;
		};
/* End XCConfigurationList section */
	};
	rootObject = 2F3BC82C1DCC2A5B00DFA60E /* Project object */;
}
